
Microsoft Visual Studio Solution File, Format Version 12.00
# Visual Studio Version 17
VisualStudioVersion = 17.10.35013.160
MinimumVisualStudioVersion = 10.0.40219.1
Project("{FAE04EC0-301F-11D3-BF4B-00C04F79EFBC}") = "Bfs Maze", "Bfs Maze\Bfs Maze.csproj", "{CCB4E212-0C9F-45A5-B19C-A04C322EA5A3}"
EndProject
Global
	GlobalSection(SolutionConfigurationPlatforms) = preSolution
		Debug|Any CPU = Debug|Any CPU
		Release|Any CPU = Release|Any CPU
	EndGlobalSection
	GlobalSection(ProjectConfigurationPlatforms) = postSolution
		{CCB4E212-0C9F-45A5-B19C-A04C322EA5A3}.Debug|Any CPU.ActiveCfg = Debug|Any CPU
		{CCB4E212-0C9F-45A5-B19C-A04C322EA5A3}.Debug|Any CPU.Build.0 = Debug|Any CPU
		{CCB4E212-0C9F-45A5-B19C-A04C322EA5A3}.Release|Any CPU.ActiveCfg = Release|Any CPU
		{CCB4E212-0C9F-45A5-B19C-A04C322EA5A3}.Release|Any CPU.Build.0 = Release|Any CPU
	EndGlobalSection
	GlobalSection(SolutionProperties) = preSolution
		HideSolutionNode = FALSE
	EndGlobalSection
	GlobalSection(ExtensibilityGlobals) = postSolution
		SolutionGuid = {48D58D1F-5731-4DC2-8212-126714691443}
	EndGlobalSection
EndGlobal
